
Microsoft Visual Studio Solution File, Format Version 12.00
# Visual Studio Version 16
VisualStudioVersion = 16.0.31229.75
MinimumVisualStudioVersion = 10.0.40219.1
Project("{FAE04EC0-301F-11D3-BF4B-00C04F79EFBC}") = "PingPong23", "PingPong23.csproj", "{8E6079E1-7A73-488D-A108-2189AF64E832}"
EndProject
Global
	GlobalSection(SolutionConfigurationPlatforms) = preSolution
		Debug|Any CPU = Debug|Any CPU
		Release|Any CPU = Release|Any CPU
	EndGlobalSection
	GlobalSection(ProjectConfigurationPlatforms) = postSolution
		{8E6079E1-7A73-488D-A108-2189AF64E832}.Debug|Any CPU.ActiveCfg = Debug|Any CPU
		{8E6079E1-7A73-488D-A108-2189AF64E832}.Debug|Any CPU.Build.0 = Debug|Any CPU
		{8E6079E1-7A73-488D-A108-2189AF64E832}.Release|Any CPU.ActiveCfg = Release|Any CPU
		{8E6079E1-7A73-488D-A108-2189AF64E832}.Release|Any CPU.Build.0 = Release|Any CPU
	EndGlobalSection
	GlobalSection(SolutionProperties) = preSolution
		HideSolutionNode = FALSE
	EndGlobalSection
	GlobalSection(ExtensibilityGlobals) = postSolution
		SolutionGuid = {4E3BC743-5B07-4A35-8C7C-00AC36ACE4A2}
	EndGlobalSection
EndGlobal
